Microsoft Visual Studio Solution File, Format Version 12.00
# Visual Studio Version 17
VisualStudioVersion = 17.5.2.0
MinimumVisualStudioVersion = 10.0.40219.1
Project("{FAE04EC0-301F-11D3-BF4B-00C04F79EFBC}") = "Exo.WebApi", "Exo.WebApi.csproj", "{986099DD-F02A-B314-8BDE-97D1F2EBD7D8}"
EndProject
Global
	GlobalSection(SolutionConfigurationPlatforms) = preSolution
		Debug|Any CPU = Debug|Any CPU
		Release|Any CPU = Release|Any CPU
	EndGlobalSection
	GlobalSection(ProjectConfigurationPlatforms) = postSolution
		{986099DD-F02A-B314-8BDE-97D1F2EBD7D8}.Debug|Any CPU.ActiveCfg = Debug|Any CPU
		{986099DD-F02A-B314-8BDE-97D1F2EBD7D8}.Debug|Any CPU.Build.0 = Debug|Any CPU
		{986099DD-F02A-B314-8BDE-97D1F2EBD7D8}.Release|Any CPU.ActiveCfg = Release|Any CPU
		{986099DD-F02A-B314-8BDE-97D1F2EBD7D8}.Release|Any CPU.Build.0 = Release|Any CPU
	EndGlobalSection
	GlobalSection(SolutionProperties) = preSolution
		HideSolutionNode = FALSE
	EndGlobalSection
	GlobalSection(ExtensibilityGlobals) = postSolution
		SolutionGuid = {7F6693D0-FE99-417B-A7DB-BB11AF1C2526}
	EndGlobalSection
EndGlobal
